
Microsoft Visual Studio Solution File, Format Version 12.00
# Visual Studio Version 17
VisualStudioVersion = 17.0.31903.59
MinimumVisualStudioVersion = 10.0.40219.1
Project("{2150E333-8FDC-42A3-9474-1A3956D46DE8}") = "src", "src", "{DC9551A6-AB06-42AB-9A70-16F8803AAE77}"
EndProject
Project("{FAE04EC0-301F-11D3-BF4B-00C04F79EFBC}") = "NameSorter.Core", "src\NameSorter.Core\NameSorter.Core.csproj", "{1AD97B00-EA6C-4BEB-BA49-BA89A801DFED}"
EndProject
Project("{FAE04EC0-301F-11D3-BF4B-00C04F79EFBC}") = "NameSorter.ConsoleApp", "src\NameSorter.ConsoleApp\NameSorter.ConsoleApp.csproj", "{44457810-3853-4290-A827-96DBE9CA114B}"
EndProject
Global
	GlobalSection(SolutionConfigurationPlatforms) = preSolution
		Debug|Any CPU = Debug|Any CPU
		Release|Any CPU = Release|Any CPU
	EndGlobalSection
	GlobalSection(SolutionProperties) = preSolution
		HideSolutionNode = FALSE
	EndGlobalSection
	GlobalSection(ProjectConfigurationPlatforms) = postSolution
		{1AD97B00-EA6C-4BEB-BA49-BA89A801DFED}.Debug|Any CPU.ActiveCfg = Debug|Any CPU
		{1AD97B00-EA6C-4BEB-BA49-BA89A801DFED}.Debug|Any CPU.Build.0 = Debug|Any CPU
		{1AD97B00-EA6C-4BEB-BA49-BA89A801DFED}.Release|Any CPU.ActiveCfg = Release|Any CPU
		{1AD97B00-EA6C-4BEB-BA49-BA89A801DFED}.Release|Any CPU.Build.0 = Release|Any CPU
		{1431A1A2-1186-488F-960C-75949A1105E0}.Debug|Any CPU.ActiveCfg = Debug|Any CPU
		{1431A1A2-1186-488F-960C-75949A1105E0}.Debug|Any CPU.Build.0 = Debug|Any CPU
		{1431A1A2-1186-488F-960C-75949A1105E0}.Release|Any CPU.ActiveCfg = Release|Any CPU
		{1431A1A2-1186-488F-960C-75949A1105E0}.Release|Any CPU.Build.0 = Release|Any CPU
		{44457810-3853-4290-A827-96DBE9CA114B}.Debug|Any CPU.ActiveCfg = Debug|Any CPU
		{44457810-3853-4290-A827-96DBE9CA114B}.Debug|Any CPU.Build.0 = Debug|Any CPU
		{44457810-3853-4290-A827-96DBE9CA114B}.Release|Any CPU.ActiveCfg = Release|Any CPU
		{44457810-3853-4290-A827-96DBE9CA114B}.Release|Any CPU.Build.0 = Release|Any CPU
	EndGlobalSection
	GlobalSection(NestedProjects) = preSolution
		{1AD97B00-EA6C-4BEB-BA49-BA89A801DFED} = {DC9551A6-AB06-42AB-9A70-16F8803AAE77}
		{44457810-3853-4290-A827-96DBE9CA114B} = {DC9551A6-AB06-42AB-9A70-16F8803AAE77}
	EndGlobalSection
EndGlobal
