
Microsoft Visual Studio Solution File, Format Version 12.00
# Visual Studio Version 17
VisualStudioVersion = 17.0.31903.59
MinimumVisualStudioVersion = 10.0.40219.1
Project("{2150E333-8FDC-42A3-9474-1A3956D46DE8}") = "src", "src", "{26889CCA-69E0-48A6-887E-05CEE1040DDB}"
EndProject
Project("{FAE04EC0-301F-11D3-BF4B-00C04F79EFBC}") = "NameSorter.ConsoleApp", "src\NameSorter.ConsoleApp\NameSorter.ConsoleApp.csproj", "{998B905A-DB41-42E5-AAB0-A8BE9AADDD05}"
EndProject
Global
	GlobalSection(SolutionConfigurationPlatforms) = preSolution
		Debug|Any CPU = Debug|Any CPU
		Release|Any CPU = Release|Any CPU
	EndGlobalSection
	GlobalSection(SolutionProperties) = preSolution
		HideSolutionNode = FALSE
	EndGlobalSection
	GlobalSection(ProjectConfigurationPlatforms) = postSolution
		{AC964F84-D77B-458C-AD63-35E6CD08EEBF}.Debug|Any CPU.ActiveCfg = Debug|Any CPU
		{AC964F84-D77B-458C-AD63-35E6CD08EEBF}.Debug|Any CPU.Build.0 = Debug|Any CPU
		{AC964F84-D77B-458C-AD63-35E6CD08EEBF}.Release|Any CPU.ActiveCfg = Release|Any CPU
		{AC964F84-D77B-458C-AD63-35E6CD08EEBF}.Release|Any CPU.Build.0 = Release|Any CPU
		{998B905A-DB41-42E5-AAB0-A8BE9AADDD05}.Debug|Any CPU.ActiveCfg = Debug|Any CPU
		{998B905A-DB41-42E5-AAB0-A8BE9AADDD05}.Debug|Any CPU.Build.0 = Debug|Any CPU
		{998B905A-DB41-42E5-AAB0-A8BE9AADDD05}.Release|Any CPU.ActiveCfg = Release|Any CPU
		{998B905A-DB41-42E5-AAB0-A8BE9AADDD05}.Release|Any CPU.Build.0 = Release|Any CPU
	EndGlobalSection
	GlobalSection(NestedProjects) = preSolution
		{AC964F84-D77B-458C-AD63-35E6CD08EEBF} = {26889CCA-69E0-48A6-887E-05CEE1040DDB}
		{998B905A-DB41-42E5-AAB0-A8BE9AADDD05} = {26889CCA-69E0-48A6-887E-05CEE1040DDB}
	EndGlobalSection
EndGlobal
